
Microsoft Visual Studio Solution File, Format Version 12.00
# Visual Studio 15
VisualStudioVersion = 15.0.28307.779
MinimumVisualStudioVersion = 10.0.40219.1
Project("{FAE04EC0-301F-11D3-BF4B-00C04F79EFBC}") = "M07", "M07\M07.csproj", "{4A56B79E-2D04-44C3-86CB-13733FF3E462}"
EndProject
Project("{FAE04EC0-301F-11D3-BF4B-00C04F79EFBC}") = "M07.Tests", "M07.Tests\M07.Tests.csproj", "{16BBF7A7-1720-4F37-A8ED-E7BAAB059256}"
EndProject
Global
	GlobalSection(SolutionConfigurationPlatforms) = preSolution
		Debug|Any CPU = Debug|Any CPU
		Release|Any CPU = Release|Any CPU
	EndGlobalSection
	GlobalSection(ProjectConfigurationPlatforms) = postSolution
		{4A56B79E-2D04-44C3-86CB-13733FF3E462}.Debug|Any CPU.ActiveCfg = Debug|Any CPU
		{4A56B79E-2D04-44C3-86CB-13733FF3E462}.Debug|Any CPU.Build.0 = Debug|Any CPU
		{4A56B79E-2D04-44C3-86CB-13733FF3E462}.Release|Any CPU.ActiveCfg = Release|Any CPU
		{4A56B79E-2D04-44C3-86CB-13733FF3E462}.Release|Any CPU.Build.0 = Release|Any CPU
		{16BBF7A7-1720-4F37-A8ED-E7BAAB059256}.Debug|Any CPU.ActiveCfg = Debug|Any CPU
		{16BBF7A7-1720-4F37-A8ED-E7BAAB059256}.Debug|Any CPU.Build.0 = Debug|Any CPU
		{16BBF7A7-1720-4F37-A8ED-E7BAAB059256}.Release|Any CPU.ActiveCfg = Release|Any CPU
		{16BBF7A7-1720-4F37-A8ED-E7BAAB059256}.Release|Any CPU.Build.0 = Release|Any CPU
	EndGlobalSection
	GlobalSection(SolutionProperties) = preSolution
		HideSolutionNode = FALSE
	EndGlobalSection
	GlobalSection(ExtensibilityGlobals) = postSolution
		SolutionGuid = {31A71229-6A45-4888-B454-157ABB1E1111}
	EndGlobalSection
EndGlobal
