
Microsoft Visual Studio Solution File, Format Version 12.00
# Visual Studio 15
VisualStudioVersion = 15.0.28307.779
MinimumVisualStudioVersion = 10.0.40219.1
Project("{FAE04EC0-301F-11D3-BF4B-00C04F79EFBC}") = "M09", "M09\M09.csproj", "{83583979-1B26-4057-86ED-B473C7FF32A3}"
EndProject
Project("{FAE04EC0-301F-11D3-BF4B-00C04F79EFBC}") = "M09.Tests", "M09.Tests\M09.Tests.csproj", "{332F60BE-D105-479A-8897-67EB271C9FA8}"
EndProject
Global
	GlobalSection(SolutionConfigurationPlatforms) = preSolution
		Debug|Any CPU = Debug|Any CPU
		Release|Any CPU = Release|Any CPU
	EndGlobalSection
	GlobalSection(ProjectConfigurationPlatforms) = postSolution
		{83583979-1B26-4057-86ED-B473C7FF32A3}.Debug|Any CPU.ActiveCfg = Debug|Any CPU
		{83583979-1B26-4057-86ED-B473C7FF32A3}.Debug|Any CPU.Build.0 = Debug|Any CPU
		{83583979-1B26-4057-86ED-B473C7FF32A3}.Release|Any CPU.ActiveCfg = Release|Any CPU
		{83583979-1B26-4057-86ED-B473C7FF32A3}.Release|Any CPU.Build.0 = Release|Any CPU
		{332F60BE-D105-479A-8897-67EB271C9FA8}.Debug|Any CPU.ActiveCfg = Debug|Any CPU
		{332F60BE-D105-479A-8897-67EB271C9FA8}.Debug|Any CPU.Build.0 = Debug|Any CPU
		{332F60BE-D105-479A-8897-67EB271C9FA8}.Release|Any CPU.ActiveCfg = Release|Any CPU
		{332F60BE-D105-479A-8897-67EB271C9FA8}.Release|Any CPU.Build.0 = Release|Any CPU
	EndGlobalSection
	GlobalSection(SolutionProperties) = preSolution
		HideSolutionNode = FALSE
	EndGlobalSection
	GlobalSection(ExtensibilityGlobals) = postSolution
		SolutionGuid = {6943A586-6342-439E-A9A4-60ECC78BF1C1}
	EndGlobalSection
EndGlobal
